
Microsoft Visual Studio Solution File, Format Version 12.00
# Visual Studio Version 16
VisualStudioVersion = 16.0.31729.503
MinimumVisualStudioVersion = 10.0.40219.1
Project("{FAE04EC0-301F-11D3-BF4B-00C04F79EFBC}") = "Problem1", "Problem1\Problem1.csproj", "{B76FBB23-A77A-4FB7-BCA9-79B93576BEBE}"
EndProject
Project("{FAE04EC0-301F-11D3-BF4B-00C04F79EFBC}") = "Problem2", "Problem2\Problem2.csproj", "{63E9B987-2CDB-4849-98A1-79240A09B2DD}"
EndProject
Project("{FAE04EC0-301F-11D3-BF4B-00C04F79EFBC}") = "Problem3", "Problem3\Problem3.csproj", "{A826ABCD-9E4E-4AF2-B57C-CA21F32B1049}"
EndProject
Global
	GlobalSection(SolutionConfigurationPlatforms) = preSolution
		Debug|Any CPU = Debug|Any CPU
		Release|Any CPU = Release|Any CPU
	EndGlobalSection
	GlobalSection(ProjectConfigurationPlatforms) = postSolution
		{B76FBB23-A77A-4FB7-BCA9-79B93576BEBE}.Debug|Any CPU.ActiveCfg = Debug|Any CPU
		{B76FBB23-A77A-4FB7-BCA9-79B93576BEBE}.Debug|Any CPU.Build.0 = Debug|Any CPU
		{B76FBB23-A77A-4FB7-BCA9-79B93576BEBE}.Release|Any CPU.ActiveCfg = Release|Any CPU
		{B76FBB23-A77A-4FB7-BCA9-79B93576BEBE}.Release|Any CPU.Build.0 = Release|Any CPU
		{63E9B987-2CDB-4849-98A1-79240A09B2DD}.Debug|Any CPU.ActiveCfg = Debug|Any CPU
		{63E9B987-2CDB-4849-98A1-79240A09B2DD}.Debug|Any CPU.Build.0 = Debug|Any CPU
		{63E9B987-2CDB-4849-98A1-79240A09B2DD}.Release|Any CPU.ActiveCfg = Release|Any CPU
		{63E9B987-2CDB-4849-98A1-79240A09B2DD}.Release|Any CPU.Build.0 = Release|Any CPU
		{A826ABCD-9E4E-4AF2-B57C-CA21F32B1049}.Debug|Any CPU.ActiveCfg = Debug|Any CPU
		{A826ABCD-9E4E-4AF2-B57C-CA21F32B1049}.Debug|Any CPU.Build.0 = Debug|Any CPU
		{A826ABCD-9E4E-4AF2-B57C-CA21F32B1049}.Release|Any CPU.ActiveCfg = Release|Any CPU
		{A826ABCD-9E4E-4AF2-B57C-CA21F32B1049}.Release|Any CPU.Build.0 = Release|Any CPU
	EndGlobalSection
	GlobalSection(SolutionProperties) = preSolution
		HideSolutionNode = FALSE
	EndGlobalSection
	GlobalSection(ExtensibilityGlobals) = postSolution
		SolutionGuid = {99FEC976-5F21-4AC9-AB85-824AE0B6BA1E}
	EndGlobalSection
EndGlobal
